lockfileVersion: 5.3

specifiers:
  '@types/react': ^17.0.37
  '@types/styled-components': ^5.1.17
  '@types/styled-components-react-native': ^5.1.3

dependencies:
  '@types/styled-components': 5.1.17
  '@types/styled-components-react-native': 5.1.3

devDependencies:
  '@types/react': 17.0.37

packages:

  /@types/hoist-non-react-statics/3.3.1:
    resolution: {integrity: sha512-iMIqiko6ooLrTh1joXodJK5X9xeEALT1kM5G3ZLhD3hszxBdIEd5C75U834D9mLcINgD4OyZf5uQXjkuYydWvA==}
    dependencies:
      '@types/react': 17.0.37
      hoist-non-react-statics: 3.3.2
    dev: false

  /@types/prop-types/15.7.4:
    resolution: {integrity: sha512-rZ5drC/jWjrArrS8BR6SIr4cWpW09RNTYt9AMZo3Jwwif+iacXAqgVjm0B0Bv/S1jhDXKHqRVNCbACkJ89RAnQ==}

  /@types/react-native/0.65.16:
    resolution: {integrity: sha512-sIOSeIbqAPVGcuryxpm4P4/EOlpWnwhp988s42cOrsI0ddyTPNL3OzaODFbMWfL5ySlAc3DQIu4rNH7TjZUCVQ==}
    dependencies:
      '@types/react': 17.0.37
    dev: false

  /@types/react/17.0.37:
    resolution: {integrity: sha512-2FS1oTqBGcH/s0E+CjrCCR9+JMpsu9b69RTFO+40ua43ZqP5MmQ4iUde/dMjWR909KxZwmOQIFq6AV6NjEG5xg==}
    dependencies:
      '@types/prop-types': 15.7.4
      '@types/scheduler': 0.16.2
      csstype: 3.0.10

  /@types/scheduler/0.16.2:
    resolution: {integrity: sha512-hppQEBDmlwhFAXKJX2KnWLYu5yMfi91yazPb2l+lbJiwW+wdo1gNeRA+3RgNSO39WYX2euey41KEwnqesU2Jew==}

  /@types/styled-components-react-native/5.1.3:
    resolution: {integrity: sha512-IXaogtizUkHJNzSxihG4KK3Z+jaHFp4XyHYIh/I7SUHCc1DsBxToQpE33JITPkgP6DzfgeDn9JkGBGhDIy+GIQ==}
    dependencies:
      '@types/react': 17.0.37
      '@types/react-native': 0.65.16
      '@types/styled-components': 5.1.17
    dev: false

  /@types/styled-components/5.1.17:
    resolution: {integrity: sha512-niMaIan3C2LYCGEPntljGrkxLBfz1RZf4WTTv7w9GJygMsCOl226/UoSwXC8dIHCHs4sQKFQUs5JtdL2hj7k0g==}
    dependencies:
      '@types/hoist-non-react-statics': 3.3.1
      '@types/react': 17.0.37
      csstype: 3.0.10
    dev: false

  /csstype/3.0.10:
    resolution: {integrity: sha512-2u44ZG2OcNUO9HDp/Jl8C07x6pU/eTR3ncV91SiK3dhG9TWvRVsCoJw14Ckx5DgWkzGA3waZWO3d7pgqpUI/XA==}

  /hoist-non-react-statics/3.3.2:
    resolution: {integrity: sha512-/gGivxi8JPKWNm/W0jSmzcMPpfpPLc3dY/6GxhX2hQ9iGj3aDfklV4ET7NjKpSinLpJ5vafa9iiGIEZg10SfBw==}
    dependencies:
      react-is: 16.13.1
    dev: false

  /react-is/16.13.1:
    resolution: {integrity: sha512-24e6ynE2H+OKt4kqsOvNd8kBpV65zoxbA4BVsEOB3ARVWQki/DHzaUoC5KuON/BiccDaCCTZBuOcfZs70kR8bQ==}
    dev: false
